
Microsoft Visual Studio Solution File, Format Version 12.00
# Visual Studio Version 16
VisualStudioVersion = 16.0.32901.82
MinimumVisualStudioVersion = 10.0.40219.1
Project("{FAE04EC0-301F-11D3-BF4B-00C04F79EFBC}") = "AssignmentThree", "AssignmentThree\AssignmentThree.csproj", "{FDC4FC8E-11E3-48CC-9815-5F15824249F2}"
EndProject
Global
	GlobalSection(SolutionConfigurationPlatforms) = preSolution
		Debug|Any CPU = Debug|Any CPU
		Release|Any CPU = Release|Any CPU
	EndGlobalSection
	GlobalSection(ProjectConfigurationPlatforms) = postSolution
		{FDC4FC8E-11E3-48CC-9815-5F15824249F2}.Debug|Any CPU.ActiveCfg = Debug|Any CPU
		{FDC4FC8E-11E3-48CC-9815-5F15824249F2}.Debug|Any CPU.Build.0 = Debug|Any CPU
		{FDC4FC8E-11E3-48CC-9815-5F15824249F2}.Release|Any CPU.ActiveCfg = Release|Any CPU
		{FDC4FC8E-11E3-48CC-9815-5F15824249F2}.Release|Any CPU.Build.0 = Release|Any CPU
	EndGlobalSection
	GlobalSection(SolutionProperties) = preSolution
		HideSolutionNode = FALSE
	EndGlobalSection
	GlobalSection(ExtensibilityGlobals) = postSolution
		SolutionGuid = {88E521B2-9FE9-4021-8C04-6B4ECBDC5F5C}
	EndGlobalSection
EndGlobal
